// !$*UTF8*$!
{
	archiveVersion = 1;
	classes = {
	};
	objectVersion = 50;
	objects = {

/* Begin PBXBuildFile section */
		5037EC0221543B0B003CB8DD /* AppDelegate.swift in Sources */ = {isa = PBXBuildFile; fileRef = 5037EC0121543B0B003CB8DD /* AppDelegate.swift */; };
		5037EC0421543B0B003CB8DD /* ViewController.swift in Sources */ = {isa = PBXBuildFile; fileRef = 5037EC0321543B0B003CB8DD /* ViewController.swift */; };
		5037EC0721543B0B003CB8DD /* Main.storyboard in Resources */ = {isa = PBXBuildFile; fileRef = 5037EC0521543B0B003CB8DD /* Main.storyboard */; };
		5037EC0C21543B0C003CB8DD /* LaunchScreen.storyboard in Resources */ = {isa = PBXBuildFile; fileRef = 5037EC0A21543B0C003CB8DD /* LaunchScreen.storyboard */; };
		5037EC1421543C21003CB8DD /* MenuTableViewController.swift in Sources */ = {isa = PBXBuildFile; fileRef = 5037EC1321543C21003CB8DD /* MenuTableViewController.swift */; };
		5037EC17215449FE003CB8DD /* Images.xcassets in Resources */ = {isa = PBXBuildFile; fileRef = 5037EC16215449FE003CB8DD /* Images.xcassets */; };
/* End PBXBuildFile section */

/* Begin PBXFileReference section */
		5037EBFE21543B0B003CB8DD /* CS Bonus.app */ = {isa = PBXFileReference; explicitFileType = wrapper.application; includeInIndex = 0; path = "CS Bonus.app"; sourceTree = BUILT_PRODUCTS_DIR; };
		5037EC0121543B0B003CB8DD /* AppDelegate.swift */ = {isa = PBXFileReference; lastKnownFileType = sourcecode.swift; path = AppDelegate.swift; sourceTree = "<group>"; };
		5037EC0321543B0B003CB8DD /* ViewController.swift */ = {isa = PBXFileReference; lastKnownFileType = sourcecode.swift; path = ViewController.swift; sourceTree = "<group>"; };
		5037EC0621543B0B003CB8DD /* Base */ = {isa = PBXFileReference; lastKnownFileType = file.storyboard; name = Base; path = Base.lproj/Main.storyboard; sourceTree = "<group>"; };
		5037EC0B21543B0C003CB8DD /* Base */ = {isa = PBXFileReference; lastKnownFileType = file.storyboard; name = Base; path = Base.lproj/LaunchScreen.storyboard; sourceTree = "<group>"; };
		5037EC0D21543B0C003CB8DD /* Info.plist */ = {isa = PBXFileReference; lastKnownFileType = text.plist.xml; path = Info.plist; sourceTree = "<group>"; };
		5037EC1321543C21003CB8DD /* MenuTableViewController.swift */ = {isa = PBXFileReference; lastKnownFileType = sourcecode.swift; path = MenuTableViewController.swift; sourceTree = "<group>"; };
		5037EC16215449FE003CB8DD /* Images.xcassets */ = {isa = PBXFileReference; lastKnownFileType = folder.assetcatalog; path = Images.xcassets; sourceTree = "<group>"; };
/* End PBXFileReference section */

/* Begin PBXFrameworksBuildPhase section */
		5037EBFB21543B0B003CB8DD /* Frameworks */ = {
			isa = PBXFrameworksBuildPhase;
			buildActionMask = 2147483647;
			files = (
			);
			runOnlyForDeploymentPostprocessing = 0;
		};
/* End PBXFrameworksBuildPhase section */

/* Begin PBXGroup section */
		5037EBF521543B0B003CB8DD = {
			isa = PBXGroup;
			children = (
				5037EC0021543B0B003CB8DD /* CS Bonus */,
				5037EBFF21543B0B003CB8DD /* Products */,
			);
			sourceTree = "<group>";
		};
		5037EBFF21543B0B003CB8DD /* Products */ = {
			isa = PBXGroup;
			children = (
				5037EBFE21543B0B003CB8DD /* CS Bonus.app */,
			);
			name = Products;
			sourceTree = "<group>";
		};
		5037EC0021543B0B003CB8DD /* CS Bonus */ = {
			isa = PBXGroup;
			children = (
				5037EC0121543B0B003CB8DD /* AppDelegate.swift */,
				5037EC0321543B0B003CB8DD /* ViewController.swift */,
				5037EC0521543B0B003CB8DD /* Main.storyboard */,
				5037EC1321543C21003CB8DD /* MenuTableViewController.swift */,
				5037EC0A21543B0C003CB8DD /* LaunchScreen.storyboard */,
				5037EC0D21543B0C003CB8DD /* Info.plist */,
				5037EC16215449FE003CB8DD /* Images.xcassets */,
			);
			path = "CS Bonus";
			sourceTree = "<group>";
		};
/* End PBXGroup section */

/* Begin PBXNativeTarget section */
		5037EBFD21543B0B003CB8DD /* CS Bonus */ = {
			isa = PBXNativeTarget;
			buildConfigurationList = 5037EC1021543B0C003CB8DD /* Build configuration list for PBXNativeTarget "CS Bonus" */;
			buildPhases = (
				5037EBFA21543B0B003CB8DD /* Sources */,
				5037EBFB21543B0B003CB8DD /* Frameworks */,
				5037EBFC21543B0B003CB8DD /* Resources */,
			);
			buildRules = (
			);
			dependencies = (
			);
			name = "CS Bonus";
			productName = "CS Bonus";
			productReference = 5037EBFE21543B0B003CB8DD /* CS Bonus.app */;
			productType = "com.apple.product-type.application";
		};
/* End PBXNativeTarget section */

/* Begin PBXProject section */
		5037EBF621543B0B003CB8DD /* Project object */ = {
			isa = PBXProject;
			attributes = {
				LastSwiftUpdateCheck = 1000;
				LastUpgradeCheck = 1000;
				ORGANIZATIONNAME = SS;
				TargetAttributes = {
					5037EBFD21543B0B003CB8DD = {
						CreatedOnToolsVersion = 10.0;
					};
				};
			};
			buildConfigurationList = 5037EBF921543B0B003CB8DD /* Build configuration list for PBXProject "CS Bonus" */;
			compatibilityVersion = "Xcode 9.3";
			developmentRegion = en;
			hasScannedForEncodings = 0;
			knownRegions = (
				en,
				Base,
			);
			mainGroup = 5037EBF521543B0B003CB8DD;
			productRefGroup = 5037EBFF21543B0B003CB8DD /* Products */;
			projectDirPath = "";
			projectRoot = "";
			targets = (
				5037EBFD21543B0B003CB8DD /* CS Bonus */,
			);
		};
/* End PBXProject section */

/* Begin PBXResourcesBuildPhase section */
		5037EBFC21543B0B003CB8DD /* Resources */ = {
			isa = PBXResourcesBuildPhase;
			buildActionMask = 2147483647;
			files = (
				5037EC17215449FE003CB8DD /* Images.xcassets in Resources */,
				5037EC0C21543B0C003CB8DD /* LaunchScreen.storyboard in Resources */,
				5037EC0721543B0B003CB8DD /* Main.storyboard in Resources */,
			);
			runOnlyForDeploymentPostprocessing = 0;
		};
/* End PBXResourcesBuildPhase section */

/* Begin PBXSourcesBuildPhase section */
		5037EBFA21543B0B003CB8DD /* Sources */ = {
			isa = PBXSourcesBuildPhase;
			buildActionMask = 2147483647;
			files = (
				5037EC0421543B0B003CB8DD /* ViewController.swift in Sources */,
				5037EC0221543B0B003CB8DD /* AppDelegate.swift in Sources */,
				5037EC1421543C21003CB8DD /* MenuTableViewController.swift in Sources */,
			);
			runOnlyForDeploymentPostprocessing = 0;
		};
/* End PBXSourcesBuildPhase section */

/* Begin PBXVariantGroup section */
		5037EC0521543B0B003CB8DD /* Main.storyboard */ = {
			isa = PBXVariantGroup;
			children = (
				5037EC0621543B0B003CB8DD /* Base */,
			);
			name = Main.storyboard;
			sourceTree = "<group>";
		};
		5037EC0A21543B0C003CB8DD /* LaunchScreen.storyboard */ = {
			isa = PBXVariantGroup;
			children = (
				5037EC0B21543B0C003CB8DD /* Base */,
			);
			name = LaunchScreen.storyboard;
			sourceTree = "<group>";
		};
/* End PBXVariantGroup section */

/* Begin XCBuildConfiguration section */
		5037EC0E21543B0C003CB8DD /* Debug */ = {
			isa = XCBuildConfiguration;
			buildSettings = {
				ALWAYS_SEARCH_USER_PATHS = NO;
				CLANG_ANALYZER_NONNULL = YES;
				CLANG_ANALYZER_NUMBER_OBJECT_CONVERSION = YES_AGGRESSIVE;
				CLANG_CXX_LANGUAGE_STANDARD = "gnu++14";
				CLANG_CXX_LIBRARY = "libc++";
				CLANG_ENABLE_MODULES = YES;
				CLANG_ENABLE_OBJC_ARC = YES;
				CLANG_ENABLE_OBJC_WEAK = YES;
				CLANG_WARN_BLOCK_CAPTURE_AUTORELEASING = YES;
				CLANG_WARN_BOOL_CONVERSION = YES;
				CLANG_WARN_COMMA = YES;
				CLANG_WARN_CONSTANT_CONVERSION = YES;
				CLANG_WARN_DEPRECATED_OBJC_IMPLEMENTATIONS = YES;
				CLANG_WARN_DIRECT_OBJC_ISA_USAGE = YES_ERROR;
				CLANG_WARN_DOCUMENTATION_COMMENTS = YES;
				CLANG_WARN_EMPTY_BODY = YES;
				CLANG_WARN_ENUM_CONVERSION = YES;
				CLANG_WARN_INFINITE_RECURSION = YES;
				CLANG_WARN_INT_CONVERSION = YES;
				CLANG_WARN_NON_LITERAL_NULL_CONVERSION = YES;
				CLANG_WARN_OBJC_IMPLICIT_RETAIN_SELF = YES;
				CLANG_WARN_OBJC_LITERAL_CONVERSION = YES;
				CLANG_WARN_OBJC_ROOT_CLASS = YES_ERROR;
				CLANG_WARN_RANGE_LOOP_ANALYSIS = YES;
				CLANG_WARN_STRICT_PROTOTYPES = YES;
				CLANG_WARN_SUSPICIOUS_MOVE = YES;
				CLANG_WARN_UNGUARDED_AVAILABILITY = YES_AGGRESSIVE;
				CLANG_WARN_UNREACHABLE_CODE = YES;
				CLANG_WARN__DUPLICATE_METHOD_MATCH = YES;
				CODE_SIGN_IDENTITY = "iPhone Developer";
				COPY_PHASE_STRIP = NO;
				DEBUG_INFORMATION_FORMAT = dwarf;
				ENABLE_STRICT_OBJC_MSGSEND = YES;
				ENABLE_TESTABILITY = YES;
				GCC_C_LANGUAGE_STANDARD = gnu11;
				GCC_DYNAMIC_NO_PIC = NO;
				GCC_NO_COMMON_BLOCKS = YES;
				GCC_OPTIMIZATION_LEVEL = 0;
				GCC_PREPROCESSOR_DEFINITIONS = (
					"DEBUG=1",
					"$(inherited)",
				);
				GCC_WARN_64_TO_32_BIT_CONVERSION = YES;
				GCC_WARN_ABOUT_RETURN_TYPE = YES_ERROR;
				GCC_WARN_UNDECLARED_SELECTOR = YES;
				GCC_WARN_UNINITIALIZED_AUTOS = YES_AGGRESSIVE;
				GCC_WARN_UNUSED_FUNCTION = YES;
				GCC_WARN_UNUSED_VARIABLE = YES;
				IPHONEOS_DEPLOYMENT_TARGET = 12.0;
				MTL_ENABLE_DEBUG_INFO = INCLUDE_SOURCE;
				MTL_FAST_MATH = YES;
				ONLY_ACTIVE_ARCH = YES;
				SDKROOT = iphoneos;
				SWIFT_ACTIVE_COMPILATION_CONDITIONS = DEBUG;
				SWIFT_OPTIMIZATION_LEVEL = "-Onone";
			};
			name = Debug;
		};
		5037EC0F21543B0C003CB8DD /* Release */ = {
			isa = XCBuildConfiguration;
			buildSettings = {
				ALWAYS_SEARCH_USER_PATHS = NO;
				CLANG_ANALYZER_NONNULL = YES;
				CLANG_ANALYZER_NUMBER_OBJECT_CONVERSION = YES_AGGRESSIVE;
				CLANG_CXX_LANGUAGE_STANDARD = "gnu++14";
				CLANG_CXX_LIBRARY = "libc++";
				CLANG_ENABLE_MODULES = YES;
				CLANG_ENABLE_OBJC_ARC = YES;
				CLANG_ENABLE_OBJC_WEAK = YES;
				CLANG_WARN_BLOCK_CAPTURE_AUTORELEASING = YES;
				CLANG_WARN_BOOL_CONVERSION = YES;
				CLANG_WARN_COMMA = YES;
				CLANG_WARN_CONSTANT_CONVERSION = YES;
				CLANG_WARN_DEPRECATED_OBJC_IMPLEMENTATIONS = YES;
				CLANG_WARN_DIRECT_OBJC_ISA_USAGE = YES_ERROR;
				CLANG_WARN_DOCUMENTATION_COMMENTS = YES;
				CLANG_WARN_EMPTY_BODY = YES;
				CLANG_WARN_ENUM_CONVERSION = YES;
				CLANG_WARN_INFINITE_RECURSION = YES;
				CLANG_WARN_INT_CONVERSION = YES;
				CLANG_WARN_NON_LITERAL_NULL_CONVERSION = YES;
				CLANG_WARN_OBJC_IMPLICIT_RETAIN_SELF = YES;
				CLANG_WARN_OBJC_LITERAL_CONVERSION = YES;
				CLANG_WARN_OBJC_ROOT_CLASS = YES_ERROR;
				CLANG_WARN_RANGE_LOOP_ANALYSIS = YES;
				CLANG_WARN_STRICT_PROTOTYPES = YES;
				CLANG_WARN_SUSPICIOUS_MOVE = YES;
				CLANG_WARN_UNGUARDED_AVAILABILITY = YES_AGGRESSIVE;
				CLANG_WARN_UNREACHABLE_CODE = YES;
				CLANG_WARN__DUPLICATE_METHOD_MATCH = YES;
				CODE_SIGN_IDENTITY = "iPhone Developer";
				COPY_PHASE_STRIP = NO;
				DEBUG_INFORMATION_FORMAT = "dwarf-with-dsym";
				ENABLE_NS_ASSERTIONS = NO;
				ENABLE_STRICT_OBJC_MSGSEND = YES;
				GCC_C_LANGUAGE_STANDARD = gnu11;
				GCC_NO_COMMON_BLOCKS = YES;
				GCC_WARN_64_TO_32_BIT_CONVERSION = YES;
				GCC_WARN_ABOUT_RETURN_TYPE = YES_ERROR;
				GCC_WARN_UNDECLARED_SELECTOR = YES;
				GCC_WARN_UNINITIALIZED_AUTOS = YES_AGGRESSIVE;
				GCC_WARN_UNUSED_FUNCTION = YES;
				GCC_WARN_UNUSED_VARIABLE = YES;
				IPHONEOS_DEPLOYMENT_TARGET = 12.0;
				MTL_ENABLE_DEBUG_INFO = NO;
				MTL_FAST_MATH = YES;
				SDKROOT = iphoneos;
				SWIFT_COMPILATION_MODE = wholemodule;
				SWIFT_OPTIMIZATION_LEVEL = "-O";
				VALIDATE_PRODUCT = YES;
			};
			name = Release;
		};
		5037EC1121543B0C003CB8DD /* Debug */ = {
			isa = XCBuildConfiguration;
			buildSettings = {
				ASSETCATALOG_COMPILER_APPICON_NAME = AppIcon;
				CODE_SIGN_STYLE = Automatic;
				DEVELOPMENT_TEAM = VWV3ZUC9B8;
				INFOPLIST_FILE = "CS Bonus/Info.plist";
				LD_RUNPATH_SEARCH_PATHS = (
					"$(inherited)",
					"@executable_path/Frameworks",
				);
				PRODUCT_BUNDLE_IDENTIFIER = "SS.CS-Bonus";
				PRODUCT_NAME = "$(TARGET_NAME)";
				SWIFT_VERSION = 4.2;
				TARGETED_DEVICE_FAMILY = "1,2";
			};
			name = Debug;
		};
		5037EC1221543B0C003CB8DD /* Release */ = {
			isa = XCBuildConfiguration;
			buildSettings = {
				ASSETCATALOG_COMPILER_APPICON_NAME = AppIcon;
				CODE_SIGN_STYLE = Automatic;
				DEVELOPMENT_TEAM = VWV3ZUC9B8;
				INFOPLIST_FILE = "CS Bonus/Info.plist";
				LD_RUNPATH_SEARCH_PATHS = (
					"$(inherited)",
					"@executable_path/Frameworks",
				);
				PRODUCT_BUNDLE_IDENTIFIER = "SS.CS-Bonus";
				PRODUCT_NAME = "$(TARGET_NAME)";
				SWIFT_VERSION = 4.2;
				TARGETED_DEVICE_FAMILY = "1,2";
			};
			name = Release;
		};
/* End XCBuildConfiguration section */

/* Begin XCConfigurationList section */
		5037EBF921543B0B003CB8DD /* Build configuration list for PBXProject "CS Bonus" */ = {
			isa = XCConfigurationList;
			buildConfigurations = (
				5037EC0E21543B0C003CB8DD /* Debug */,
				5037EC0F21543B0C003CB8DD /* Release */,
			);
			defaultConfigurationIsVisible = 0;
			defaultConfigurationName = Release;
		};
		5037EC1021543B0C003CB8DD /* Build configuration list for PBXNativeTarget "CS Bonus" */ = {
			isa = XCConfigurationList;
			buildConfigurations = (
				5037EC1121543B0C003CB8DD /* Debug */,
				5037EC1221543B0C003CB8DD /* Release */,
			);
			defaultConfigurationIsVisible = 0;
			defaultConfigurationName = Release;
		};
/* End XCConfigurationList section */
	};
	rootObject = 5037EBF621543B0B003CB8DD /* Project object */;
}
